{
  "originHash" : "025c6800bdb925bbcc4c996b055e4036db5119832452339a32cd21c51194c92c",
  "pins" : [
    {
      "identity" : "horizoncalendar",
      "kind" : "remoteSourceControl",
      "location" : "https://github.com/airbnb/HorizonCalendar.git",
      "state" : {
        "branch" : "master",
        "revision" : "697c6f22f7e2f6da69fd0ca5dca0d08c973ea3a8"
      }
    }
  ],
  "version" : 3
}
